
Microsoft Visual Studio Solution File, Format Version 12.00
# Visual Studio 15
VisualStudioVersion = 15.0.28307.1231
MinimumVisualStudioVersion = 10.0.40219.1
Project("{FAE04EC0-301F-11D3-BF4B-00C04F79EFBC}") = "SoulServer", "SoulServer\SoulServer.csproj", "{EDB487AA-DA25-46F1-BFD1-A23235D34281}"
EndProject
Project("{FAE04EC0-301F-11D3-BF4B-00C04F79EFBC}") = "AuthServer", "AuthServer\AuthServer.csproj", "{F7C9E22F-64D6-4AC3-86C1-AC5EE2892913}"
EndProject
Project("{FAE04EC0-301F-11D3-BF4B-00C04F79EFBC}") = "DatabaseProxy", "DatabaseProxy\DatabaseProxy.csproj", "{7EB003C1-B34B-464C-B656-6C04926CC048}"
EndProject
Project("{FAE04EC0-301F-11D3-BF4B-00C04F79EFBC}") = "AgentServer", "AgentServer\AgentServer.csproj", "{0FC035D4-13DC-4871-ADC5-D53A8D9AE906}"
	ProjectSection(ProjectDependencies) = postProject
		{F7C9E22F-64D6-4AC3-86C1-AC5EE2892913} = {F7C9E22F-64D6-4AC3-86C1-AC5EE2892913}
	EndProjectSection
EndProject
Project("{FAE04EC0-301F-11D3-BF4B-00C04F79EFBC}") = "SunCommon", "SunCommon\SunCommon.csproj", "{168F62BE-A6F5-436D-98F9-A05F57843862}"
EndProject
Project("{FAE04EC0-301F-11D3-BF4B-00C04F79EFBC}") = "WorldServer", "WorldServer\WorldServer.csproj", "{E40A19DA-1314-4583-BD3A-8F7B50C8B7C1}"
EndProject
Project("{FAE04EC0-301F-11D3-BF4B-00C04F79EFBC}") = "SunStructs", "SunStructs\SunStructs.csproj", "{71B30B75-9950-45C3-9A03-E55248A527A8}"
EndProject
Project("{FAE04EC0-301F-11D3-BF4B-00C04F79EFBC}") = "MasterServer", "MasterServer\MasterServer.csproj", "{2C862CE3-FE52-4266-B873-757CB2DF4BBD}"
EndProject
Global
	GlobalSection(SolutionConfigurationPlatforms) = preSolution
		Debug|Any CPU = Debug|Any CPU
		Debug|x64 = Debug|x64
		Debug|x86 = Debug|x86
		Release|Any CPU = Release|Any CPU
		Release|x64 = Release|x64
		Release|x86 = Release|x86
	EndGlobalSection
	GlobalSection(ProjectConfigurationPlatforms) = postSolution
		{EDB487AA-DA25-46F1-BFD1-A23235D34281}.Debug|Any CPU.ActiveCfg = Debug|Any CPU
		{EDB487AA-DA25-46F1-BFD1-A23235D34281}.Debug|Any CPU.Build.0 = Debug|Any CPU
		{EDB487AA-DA25-46F1-BFD1-A23235D34281}.Debug|x64.ActiveCfg = Debug|Any CPU
		{EDB487AA-DA25-46F1-BFD1-A23235D34281}.Debug|x64.Build.0 = Debug|Any CPU
		{EDB487AA-DA25-46F1-BFD1-A23235D34281}.Debug|x86.ActiveCfg = Debug|Any CPU
		{EDB487AA-DA25-46F1-BFD1-A23235D34281}.Debug|x86.Build.0 = Debug|Any CPU
		{EDB487AA-DA25-46F1-BFD1-A23235D34281}.Release|Any CPU.ActiveCfg = Release|Any CPU
		{EDB487AA-DA25-46F1-BFD1-A23235D34281}.Release|Any CPU.Build.0 = Release|Any CPU
		{EDB487AA-DA25-46F1-BFD1-A23235D34281}.Release|x64.ActiveCfg = Release|Any CPU
		{EDB487AA-DA25-46F1-BFD1-A23235D34281}.Release|x64.Build.0 = Release|Any CPU
		{EDB487AA-DA25-46F1-BFD1-A23235D34281}.Release|x86.ActiveCfg = Release|Any CPU
		{EDB487AA-DA25-46F1-BFD1-A23235D34281}.Release|x86.Build.0 = Release|Any CPU
		{F7C9E22F-64D6-4AC3-86C1-AC5EE2892913}.Debug|Any CPU.ActiveCfg = Debug|Any CPU
		{F7C9E22F-64D6-4AC3-86C1-AC5EE2892913}.Debug|Any CPU.Build.0 = Debug|Any CPU
		{F7C9E22F-64D6-4AC3-86C1-AC5EE2892913}.Debug|x64.ActiveCfg = Debug|Any CPU
		{F7C9E22F-64D6-4AC3-86C1-AC5EE2892913}.Debug|x64.Build.0 = Debug|Any CPU
		{F7C9E22F-64D6-4AC3-86C1-AC5EE2892913}.Debug|x86.ActiveCfg = Debug|Any CPU
		{F7C9E22F-64D6-4AC3-86C1-AC5EE2892913}.Debug|x86.Build.0 = Debug|Any CPU
		{F7C9E22F-64D6-4AC3-86C1-AC5EE2892913}.Release|Any CPU.ActiveCfg = Release|Any CPU
		{F7C9E22F-64D6-4AC3-86C1-AC5EE2892913}.Release|Any CPU.Build.0 = Release|Any CPU
		{F7C9E22F-64D6-4AC3-86C1-AC5EE2892913}.Release|x64.ActiveCfg = Release|Any CPU
		{F7C9E22F-64D6-4AC3-86C1-AC5EE2892913}.Release|x64.Build.0 = Release|Any CPU
		{F7C9E22F-64D6-4AC3-86C1-AC5EE2892913}.Release|x86.ActiveCfg = Release|Any CPU
		{F7C9E22F-64D6-4AC3-86C1-AC5EE2892913}.Release|x86.Build.0 = Release|Any CPU
		{7EB003C1-B34B-464C-B656-6C04926CC048}.Debug|Any CPU.ActiveCfg = Debug|Any CPU
		{7EB003C1-B34B-464C-B656-6C04926CC048}.Debug|Any CPU.Build.0 = Debug|Any CPU
		{7EB003C1-B34B-464C-B656-6C04926CC048}.Debug|x64.ActiveCfg = Debug|Any CPU
		{7EB003C1-B34B-464C-B656-6C04926CC048}.Debug|x64.Build.0 = Debug|Any CPU
		{7EB003C1-B34B-464C-B656-6C04926CC048}.Debug|x86.ActiveCfg = Debug|Any CPU
		{7EB003C1-B34B-464C-B656-6C04926CC048}.Debug|x86.Build.0 = Debug|Any CPU
		{7EB003C1-B34B-464C-B656-6C04926CC048}.Release|Any CPU.ActiveCfg = Release|Any CPU
		{7EB003C1-B34B-464C-B656-6C04926CC048}.Release|Any CPU.Build.0 = Release|Any CPU
		{7EB003C1-B34B-464C-B656-6C04926CC048}.Release|x64.ActiveCfg = Release|Any CPU
		{7EB003C1-B34B-464C-B656-6C04926CC048}.Release|x64.Build.0 = Release|Any CPU
		{7EB003C1-B34B-464C-B656-6C04926CC048}.Release|x86.ActiveCfg = Release|Any CPU
		{7EB003C1-B34B-464C-B656-6C04926CC048}.Release|x86.Build.0 = Release|Any CPU
		{0FC035D4-13DC-4871-ADC5-D53A8D9AE906}.Debug|Any CPU.ActiveCfg = Debug|Any CPU
		{0FC035D4-13DC-4871-ADC5-D53A8D9AE906}.Debug|Any CPU.Build.0 = Debug|Any CPU
		{0FC035D4-13DC-4871-ADC5-D53A8D9AE906}.Debug|x64.ActiveCfg = Debug|Any CPU
		{0FC035D4-13DC-4871-ADC5-D53A8D9AE906}.Debug|x64.Build.0 = Debug|Any CPU
		{0FC035D4-13DC-4871-ADC5-D53A8D9AE906}.Debug|x86.ActiveCfg = Debug|Any CPU
		{0FC035D4-13DC-4871-ADC5-D53A8D9AE906}.Debug|x86.Build.0 = Debug|Any CPU
		{0FC035D4-13DC-4871-ADC5-D53A8D9AE906}.Release|Any CPU.ActiveCfg = Release|Any CPU
		{0FC035D4-13DC-4871-ADC5-D53A8D9AE906}.Release|Any CPU.Build.0 = Release|Any CPU
		{0FC035D4-13DC-4871-ADC5-D53A8D9AE906}.Release|x64.ActiveCfg = Release|Any CPU
		{0FC035D4-13DC-4871-ADC5-D53A8D9AE906}.Release|x64.Build.0 = Release|Any CPU
		{0FC035D4-13DC-4871-ADC5-D53A8D9AE906}.Release|x86.ActiveCfg = Release|Any CPU
		{0FC035D4-13DC-4871-ADC5-D53A8D9AE906}.Release|x86.Build.0 = Release|Any CPU
		{168F62BE-A6F5-436D-98F9-A05F57843862}.Debug|Any CPU.ActiveCfg = Debug|Any CPU
		{168F62BE-A6F5-436D-98F9-A05F57843862}.Debug|Any CPU.Build.0 = Debug|Any CPU
		{168F62BE-A6F5-436D-98F9-A05F57843862}.Debug|x64.ActiveCfg = Debug|Any CPU
		{168F62BE-A6F5-436D-98F9-A05F57843862}.Debug|x64.Build.0 = Debug|Any CPU
		{168F62BE-A6F5-436D-98F9-A05F57843862}.Debug|x86.ActiveCfg = Debug|Any CPU
		{168F62BE-A6F5-436D-98F9-A05F57843862}.Debug|x86.Build.0 = Debug|Any CPU
		{168F62BE-A6F5-436D-98F9-A05F57843862}.Release|Any CPU.ActiveCfg = Release|Any CPU
		{168F62BE-A6F5-436D-98F9-A05F57843862}.Release|Any CPU.Build.0 = Release|Any CPU
		{168F62BE-A6F5-436D-98F9-A05F57843862}.Release|x64.ActiveCfg = Release|Any CPU
		{168F62BE-A6F5-436D-98F9-A05F57843862}.Release|x64.Build.0 = Release|Any CPU
		{168F62BE-A6F5-436D-98F9-A05F57843862}.Release|x86.ActiveCfg = Release|Any CPU
		{168F62BE-A6F5-436D-98F9-A05F57843862}.Release|x86.Build.0 = Release|Any CPU
		{E40A19DA-1314-4583-BD3A-8F7B50C8B7C1}.Debug|Any CPU.ActiveCfg = Debug|Any CPU
		{E40A19DA-1314-4583-BD3A-8F7B50C8B7C1}.Debug|Any CPU.Build.0 = Debug|Any CPU
		{E40A19DA-1314-4583-BD3A-8F7B50C8B7C1}.Debug|x64.ActiveCfg = Debug|Any CPU
		{E40A19DA-1314-4583-BD3A-8F7B50C8B7C1}.Debug|x64.Build.0 = Debug|Any CPU
		{E40A19DA-1314-4583-BD3A-8F7B50C8B7C1}.Debug|x86.ActiveCfg = Debug|Any CPU
		{E40A19DA-1314-4583-BD3A-8F7B50C8B7C1}.Debug|x86.Build.0 = Debug|Any CPU
		{E40A19DA-1314-4583-BD3A-8F7B50C8B7C1}.Release|Any CPU.ActiveCfg = Release|Any CPU
		{E40A19DA-1314-4583-BD3A-8F7B50C8B7C1}.Release|Any CPU.Build.0 = Release|Any CPU
		{E40A19DA-1314-4583-BD3A-8F7B50C8B7C1}.Release|x64.ActiveCfg = Release|Any CPU
		{E40A19DA-1314-4583-BD3A-8F7B50C8B7C1}.Release|x64.Build.0 = Release|Any CPU
		{E40A19DA-1314-4583-BD3A-8F7B50C8B7C1}.Release|x86.ActiveCfg = Release|Any CPU
		{E40A19DA-1314-4583-BD3A-8F7B50C8B7C1}.Release|x86.Build.0 = Release|Any CPU
		{71B30B75-9950-45C3-9A03-E55248A527A8}.Debug|Any CPU.ActiveCfg = Debug|Any CPU
		{71B30B75-9950-45C3-9A03-E55248A527A8}.Debug|Any CPU.Build.0 = Debug|Any CPU
		{71B30B75-9950-45C3-9A03-E55248A527A8}.Debug|x64.ActiveCfg = Debug|Any CPU
		{71B30B75-9950-45C3-9A03-E55248A527A8}.Debug|x64.Build.0 = Debug|Any CPU
		{71B30B75-9950-45C3-9A03-E55248A527A8}.Debug|x86.ActiveCfg = Debug|Any CPU
		{71B30B75-9950-45C3-9A03-E55248A527A8}.Debug|x86.Build.0 = Debug|Any CPU
		{71B30B75-9950-45C3-9A03-E55248A527A8}.Release|Any CPU.ActiveCfg = Release|Any CPU
		{71B30B75-9950-45C3-9A03-E55248A527A8}.Release|Any CPU.Build.0 = Release|Any CPU
		{71B30B75-9950-45C3-9A03-E55248A527A8}.Release|x64.ActiveCfg = Release|Any CPU
		{71B30B75-9950-45C3-9A03-E55248A527A8}.Release|x64.Build.0 = Release|Any CPU
		{71B30B75-9950-45C3-9A03-E55248A527A8}.Release|x86.ActiveCfg = Release|Any CPU
		{71B30B75-9950-45C3-9A03-E55248A527A8}.Release|x86.Build.0 = Release|Any CPU
		{2C862CE3-FE52-4266-B873-757CB2DF4BBD}.Debug|Any CPU.ActiveCfg = Debug|Any CPU
		{2C862CE3-FE52-4266-B873-757CB2DF4BBD}.Debug|Any CPU.Build.0 = Debug|Any CPU
		{2C862CE3-FE52-4266-B873-757CB2DF4BBD}.Debug|x64.ActiveCfg = Debug|Any CPU
		{2C862CE3-FE52-4266-B873-757CB2DF4BBD}.Debug|x64.Build.0 = Debug|Any CPU
		{2C862CE3-FE52-4266-B873-757CB2DF4BBD}.Debug|x86.ActiveCfg = Debug|Any CPU
		{2C862CE3-FE52-4266-B873-757CB2DF4BBD}.Debug|x86.Build.0 = Debug|Any CPU
		{2C862CE3-FE52-4266-B873-757CB2DF4BBD}.Release|Any CPU.ActiveCfg = Release|Any CPU
		{2C862CE3-FE52-4266-B873-757CB2DF4BBD}.Release|Any CPU.Build.0 = Release|Any CPU
		{2C862CE3-FE52-4266-B873-757CB2DF4BBD}.Release|x64.ActiveCfg = Release|Any CPU
		{2C862CE3-FE52-4266-B873-757CB2DF4BBD}.Release|x64.Build.0 = Release|Any CPU
		{2C862CE3-FE52-4266-B873-757CB2DF4BBD}.Release|x86.ActiveCfg = Release|Any CPU
		{2C862CE3-FE52-4266-B873-757CB2DF4BBD}.Release|x86.Build.0 = Release|Any CPU
	EndGlobalSection
	GlobalSection(SolutionProperties) = preSolution
		HideSolutionNode = FALSE
	EndGlobalSection
	GlobalSection(ExtensibilityGlobals) = postSolution
		SolutionGuid = {9AABA97D-2553-4124-996C-2C6E0E94F5EB}
	EndGlobalSection
EndGlobal
